
Microsoft Visual Studio Solution File, Format Version 12.00
# Visual Studio Version 17
VisualStudioVersion = 17.6.33829.357
MinimumVisualStudioVersion = 10.0.40219.1
Project("{FAE04EC0-301F-11D3-BF4B-00C04F79EFBC}") = "apiAspirantes", "apiAspirantes\apiAspirantes.csproj", "{6750CB55-8687-4000-A9BD-ADEC35F764ED}"
EndProject
Global
	GlobalSection(SolutionConfigurationPlatforms) = preSolution
		Debug|Any CPU = Debug|Any CPU
		Release|Any CPU = Release|Any CPU
	EndGlobalSection
	GlobalSection(ProjectConfigurationPlatforms) = postSolution
		{6750CB55-8687-4000-A9BD-ADEC35F764ED}.Debug|Any CPU.ActiveCfg = Debug|Any CPU
		{6750CB55-8687-4000-A9BD-ADEC35F764ED}.Debug|Any CPU.Build.0 = Debug|Any CPU
		{6750CB55-8687-4000-A9BD-ADEC35F764ED}.Release|Any CPU.ActiveCfg = Release|Any CPU
		{6750CB55-8687-4000-A9BD-ADEC35F764ED}.Release|Any CPU.Build.0 = Release|Any CPU
	EndGlobalSection
	GlobalSection(SolutionProperties) = preSolution
		HideSolutionNode = FALSE
	EndGlobalSection
	GlobalSection(ExtensibilityGlobals) = postSolution
		SolutionGuid = {D38461DB-E464-4BCB-B9C5-30862CD6B1F0}
	EndGlobalSection
EndGlobal
